<?xml version="1.0" encoding="utf-8"?>
<Project ToolsVersion="4.0" xmlns="http://schemas.microsoft.com/developer/msbuild/2003">
  <ItemGroup>
    <Filter Include="Source Files">
      <UniqueIdentifier>{4FC737F1-C7A5-4376-A066-2A32D752A2FF}</UniqueIdentifier>
      <Extensions>cpp;c;cc;cxx;def;odl;idl;hpj;bat;asm;asmx</Extensions>
    </Filter>
    <Filter Include="Header Files">
      <UniqueIdentifier>{93995380-89BD-4b04-88EB-625FBE52EBFB}</UniqueIdentifier>
      <Extensions>h;hh;hpp;hxx;hm;inl;inc;xsd</Extensions>
    </Filter>
    <Filter Include="Resource Files">
      <UniqueIdentifier>{67DA6AB6-F800-4c08-8B7A-83BB121AAD01}</UniqueIdentifier>
      <Extensions>rc;ico;cur;bmp;dlg;rc2;rct;bin;rgs;gif;jpg;jpeg;jpe;resx;tiff;tif;png;wav;mfcribbon-ms</Extensions>
    </Filter>
    <Filter Include="Drawing">
      <UniqueIdentifier>{c86e512d-d271-4de5-84d8-386db0428315}</UniqueIdentifier>
    </Filter>
    <Filter Include="Events">
      <UniqueIdentifier>{d5db8329-6e7c-471b-92fa-1f94195554c5}</UniqueIdentifier>
    </Filter>
  </ItemGroup>
  <ItemGroup>
    <ClInclude Include="stdafx.h">
      <Filter>Header Files</Filter>
    </ClInclude>
    <ClInclude Include="targetver.h">
      <Filter>Header Files</Filter>
    </ClInclude>
    <ClInclude Include="Dialog.h">
      <Filter>Header Files</Filter>
    </ClInclude>
    <ClInclude Include="UI.h">
      <Filter>Header Files</Filter>
    </ClInclude>
    <ClInclude Include="ComboBox.h">
      <Filter>Header Files</Filter>
    </ClInclude>
    <ClInclude Include="Window.h">
      <Filter>Header Files</Filter>
    </ClInclude>
    <ClInclude Include="Edit.h">
      <Filter>Header Files</Filter>
    </ClInclude>
    <ClInclude Include="ListControl.h">
      <Filter>Header Files</Filter>
    </ClInclude>
    <ClInclude Include="DataExchange.h">
      <Filter>Header Files</Filter>
    </ClInclude>
    <ClInclude Include="Rectangle.h">
      <Filter>Header Files</Filter>
    </ClInclude>
    <ClInclude Include="ScrollBar.h">
      <Filter>Header Files</Filter>
    </ClInclude>
    <ClInclude Include="Point.h">
      <Filter>Header Files</Filter>
    </ClInclude>
    <ClInclude Include="HeaderControl.h">
      <Filter>Header Files</Filter>
    </ClInclude>
    <ClInclude Include="Size.h">
      <Filter>Header Files</Filter>
    </ClInclude>
    <ClInclude Include="HandleMap.h">
      <Filter>Header Files</Filter>
    </ClInclude>
    <ClInclude Include="Exceptions.h">
      <Filter>Header Files</Filter>
    </ClInclude>
    <ClInclude Include="DeviceContext.h">
      <Filter>Drawing</Filter>
    </ClInclude>
    <ClInclude Include="Font.h">
      <Filter>Drawing</Filter>
    </ClInclude>
    <ClInclude Include="Traits.h">
      <Filter>Header Files</Filter>
    </ClInclude>
    <ClInclude Include="DrawingObject.h">
      <Filter>Drawing</Filter>
    </ClInclude>
    <ClInclude Include="ServiceProviders.h">
      <Filter>Header Files</Filter>
    </ClInclude>
    <ClInclude Include="EventMap.h">
      <Filter>Header Files</Filter>
    </ClInclude>
    <ClInclude Include="EventArgs.h">
      <Filter>Events</Filter>
    </ClInclude>
    <ClInclude Include="ListControlEventArgs.h">
      <Filter>Events</Filter>
    </ClInclude>
    <ClInclude Include="WindowEventArgs.h">
      <Filter>Events</Filter>
    </ClInclude>
    <ClInclude Include="Control.h">
      <Filter>Header Files</Filter>
    </ClInclude>
    <ClInclude Include="ControlEventArgs.h">
      <Filter>Events</Filter>
    </ClInclude>
    <ClInclude Include="Brush.h">
      <Filter>Drawing</Filter>
    </ClInclude>
    <ClInclude Include="Drawing.h">
      <Filter>Drawing</Filter>
    </ClInclude>
    <ClInclude Include="Color.h">
      <Filter>Drawing</Filter>
    </ClInclude>
    <ClInclude Include="LayoutHelper.h">
      <Filter>Header Files</Filter>
    </ClInclude>
    <ClInclude Include="DateTimeControl.h">
      <Filter>Header Files</Filter>
    </ClInclude>
  </ItemGroup>
  <ItemGroup>
    <ClCompile Include="stdafx.cpp">
      <Filter>Source Files</Filter>
    </ClCompile>
    <ClCompile Include="Dialog.cpp">
      <Filter>Source Files</Filter>
    </ClCompile>
    <ClCompile Include="ComboBox.cpp">
      <Filter>Source Files</Filter>
    </ClCompile>
    <ClCompile Include="Window.cpp">
      <Filter>Source Files</Filter>
    </ClCompile>
    <ClCompile Include="ListControl.cpp">
      <Filter>Source Files</Filter>
    </ClCompile>
    <ClCompile Include="HeaderControl.cpp">
      <Filter>Source Files</Filter>
    </ClCompile>
    <ClCompile Include="Rectangle.cpp">
      <Filter>Source Files</Filter>
    </ClCompile>
    <ClCompile Include="Size.cpp">
      <Filter>Source Files</Filter>
    </ClCompile>
    <ClCompile Include="Edit.cpp">
      <Filter>Source Files</Filter>
    </ClCompile>
    <ClCompile Include="DataExchange.cpp">
      <Filter>Source Files</Filter>
    </ClCompile>
    <ClCompile Include="DeviceContext.cpp">
      <Filter>Drawing</Filter>
    </ClCompile>
    <ClCompile Include="ServiceProviders.cpp">
      <Filter>Source Files</Filter>
    </ClCompile>
    <ClCompile Include="Point.cpp">
      <Filter>Source Files</Filter>
    </ClCompile>
    <ClCompile Include="EventMap.cpp">
      <Filter>Source Files</Filter>
    </ClCompile>
    <ClCompile Include="WindowEventArgs.cpp">
      <Filter>Events</Filter>
    </ClCompile>
    <ClCompile Include="ListControlEvent.cpp">
      <Filter>Events</Filter>
    </ClCompile>
    <ClCompile Include="ControlEventArgs.cpp">
      <Filter>Events</Filter>
    </ClCompile>
    <ClCompile Include="LayoutHelper.cpp">
      <Filter>Source Files</Filter>
    </ClCompile>
    <ClCompile Include="DateTimeControl.cpp">
      <Filter>Source Files</Filter>
    </ClCompile>
  </ItemGroup>
</Project>