
Microsoft Visual Studio Solution File, Format Version 12.00
# Visual Studio 2013
VisualStudioVersion = 12.0.31101.0
MinimumVisualStudioVersion = 10.0.40219.1
Project("{8BC9CEB8-8B4A-11D0-8D11-00A0C91BC942}") = "BurtleTest", "BurtleTest\BurtleTest.vcxproj", "{A48CA5F0-8360-4E36-A2A1-F5AB97FC355E}"
EndProject
Project("{8BC9CEB8-8B4A-11D0-8D11-00A0C91BC942}") = "BugzillaLibrary", "BugzillaLibrary\BugzillaLibrary.vcxproj", "{27C6C452-39A0-453A-A1B6-87460D4DE983}"
EndProject
Project("{8BC9CEB8-8B4A-11D0-8D11-00A0C91BC942}") = "Burtle", "Burtle\Burtle.vcxproj", "{2938190A-DE32-44B5-9A0C-16A9FBE47967}"
EndProject
Project("{8BC9CEB8-8B4A-11D0-8D11-00A0C91BC942}") = "User Interface Library", "User Interface Library\User Interface Library.vcxproj", "{C3464E0F-ECC4-495D-9C6A-C56D1031B30D}"
EndProject
Project("{8BC9CEB8-8B4A-11D0-8D11-00A0C91BC942}") = "Application Library", "Application Library\Application Library.vcxproj", "{7A6F088D-234F-43CA-A0FD-1615B3ED3CA0}"
EndProject
Global
	GlobalSection(SolutionConfigurationPlatforms) = preSolution
		Debug|Win32 = Debug|Win32
		Debug|x64 = Debug|x64
		Release|Win32 = Release|Win32
		Release|x64 = Release|x64
	EndGlobalSection
	GlobalSection(ProjectConfigurationPlatforms) = postSolution
		{A48CA5F0-8360-4E36-A2A1-F5AB97FC355E}.Debug|Win32.ActiveCfg = Debug|Win32
		{A48CA5F0-8360-4E36-A2A1-F5AB97FC355E}.Debug|Win32.Build.0 = Debug|Win32
		{A48CA5F0-8360-4E36-A2A1-F5AB97FC355E}.Debug|x64.ActiveCfg = Debug|x64
		{A48CA5F0-8360-4E36-A2A1-F5AB97FC355E}.Debug|x64.Build.0 = Debug|x64
		{A48CA5F0-8360-4E36-A2A1-F5AB97FC355E}.Release|Win32.ActiveCfg = Release|Win32
		{A48CA5F0-8360-4E36-A2A1-F5AB97FC355E}.Release|Win32.Build.0 = Release|Win32
		{A48CA5F0-8360-4E36-A2A1-F5AB97FC355E}.Release|x64.ActiveCfg = Release|x64
		{A48CA5F0-8360-4E36-A2A1-F5AB97FC355E}.Release|x64.Build.0 = Release|x64
		{27C6C452-39A0-453A-A1B6-87460D4DE983}.Debug|Win32.ActiveCfg = Debug|Win32
		{27C6C452-39A0-453A-A1B6-87460D4DE983}.Debug|Win32.Build.0 = Debug|Win32
		{27C6C452-39A0-453A-A1B6-87460D4DE983}.Debug|x64.ActiveCfg = Debug|x64
		{27C6C452-39A0-453A-A1B6-87460D4DE983}.Debug|x64.Build.0 = Debug|x64
		{27C6C452-39A0-453A-A1B6-87460D4DE983}.Release|Win32.ActiveCfg = Release|Win32
		{27C6C452-39A0-453A-A1B6-87460D4DE983}.Release|Win32.Build.0 = Release|Win32
		{27C6C452-39A0-453A-A1B6-87460D4DE983}.Release|x64.ActiveCfg = Release|x64
		{27C6C452-39A0-453A-A1B6-87460D4DE983}.Release|x64.Build.0 = Release|x64
		{2938190A-DE32-44B5-9A0C-16A9FBE47967}.Debug|Win32.ActiveCfg = Debug|Win32
		{2938190A-DE32-44B5-9A0C-16A9FBE47967}.Debug|Win32.Build.0 = Debug|Win32
		{2938190A-DE32-44B5-9A0C-16A9FBE47967}.Debug|x64.ActiveCfg = Debug|x64
		{2938190A-DE32-44B5-9A0C-16A9FBE47967}.Debug|x64.Build.0 = Debug|x64
		{2938190A-DE32-44B5-9A0C-16A9FBE47967}.Release|Win32.ActiveCfg = Release|Win32
		{2938190A-DE32-44B5-9A0C-16A9FBE47967}.Release|Win32.Build.0 = Release|Win32
		{2938190A-DE32-44B5-9A0C-16A9FBE47967}.Release|x64.ActiveCfg = Release|x64
		{2938190A-DE32-44B5-9A0C-16A9FBE47967}.Release|x64.Build.0 = Release|x64
		{C3464E0F-ECC4-495D-9C6A-C56D1031B30D}.Debug|Win32.ActiveCfg = Debug|Win32
		{C3464E0F-ECC4-495D-9C6A-C56D1031B30D}.Debug|Win32.Build.0 = Debug|Win32
		{C3464E0F-ECC4-495D-9C6A-C56D1031B30D}.Debug|x64.ActiveCfg = Debug|x64
		{C3464E0F-ECC4-495D-9C6A-C56D1031B30D}.Debug|x64.Build.0 = Debug|x64
		{C3464E0F-ECC4-495D-9C6A-C56D1031B30D}.Release|Win32.ActiveCfg = Release|Win32
		{C3464E0F-ECC4-495D-9C6A-C56D1031B30D}.Release|Win32.Build.0 = Release|Win32
		{C3464E0F-ECC4-495D-9C6A-C56D1031B30D}.Release|x64.ActiveCfg = Release|x64
		{C3464E0F-ECC4-495D-9C6A-C56D1031B30D}.Release|x64.Build.0 = Release|x64
		{7A6F088D-234F-43CA-A0FD-1615B3ED3CA0}.Debug|Win32.ActiveCfg = Debug|Win32
		{7A6F088D-234F-43CA-A0FD-1615B3ED3CA0}.Debug|Win32.Build.0 = Debug|Win32
		{7A6F088D-234F-43CA-A0FD-1615B3ED3CA0}.Debug|x64.ActiveCfg = Debug|x64
		{7A6F088D-234F-43CA-A0FD-1615B3ED3CA0}.Debug|x64.Build.0 = Debug|x64
		{7A6F088D-234F-43CA-A0FD-1615B3ED3CA0}.Release|Win32.ActiveCfg = Release|Win32
		{7A6F088D-234F-43CA-A0FD-1615B3ED3CA0}.Release|Win32.Build.0 = Release|Win32
		{7A6F088D-234F-43CA-A0FD-1615B3ED3CA0}.Release|x64.ActiveCfg = Release|x64
		{7A6F088D-234F-43CA-A0FD-1615B3ED3CA0}.Release|x64.Build.0 = Release|x64
	EndGlobalSection
	GlobalSection(SolutionProperties) = preSolution
		HideSolutionNode = FALSE
	EndGlobalSection
EndGlobal
